
Microsoft Visual Studio Solution File, Format Version 12.00
# Visual Studio Version 17
VisualStudioVersion = 17.1.32328.378
MinimumVisualStudioVersion = 10.0.40219.1
Project("{9A19103F-16F7-4668-BE54-9A1E7A4F7556}") = "FormEx", "FormEx\FormEx.csproj", "{1D2D4588-D4A4-45FB-954A-4DB23301A419}"
EndProject
Project("{9A19103F-16F7-4668-BE54-9A1E7A4F7556}") = "Utils", "Utils\Utils.csproj", "{C3B388CB-9875-429D-9083-A7F6BE5D213C}"
EndProject
Project("{9A19103F-16F7-4668-BE54-9A1E7A4F7556}") = "Utils.UI", "Utils.UI\Utils.UI.csproj", "{C2D46F9D-3F5C-4968-9A5A-75C90D86C2B2}"
EndProject
Project("{FAE04EC0-301F-11D3-BF4B-00C04F79EFBC}") = "DemoNet46", "DemoNet46\DemoNet46.csproj", "{EFFD3453-C578-43DF-80E7-49880939098B}"
EndProject
Project("{9A19103F-16F7-4668-BE54-9A1E7A4F7556}") = "Demo5", "Demo5\Demo5.csproj", "{6CEA22B9-4B97-41D5-8B1B-4DECF34B597B}"
EndProject
Project("{FAE04EC0-301F-11D3-BF4B-00C04F79EFBC}") = "Ocean", "Ocean\Ocean.csproj", "{9197BB90-53B8-4D5D-8716-9704FA9C744F}"
EndProject
Global
	GlobalSection(SolutionConfigurationPlatforms) = preSolution
		Debug|Any CPU = Debug|Any CPU
		Release|Any CPU = Release|Any CPU
	EndGlobalSection
	GlobalSection(ProjectConfigurationPlatforms) = postSolution
		{1D2D4588-D4A4-45FB-954A-4DB23301A419}.Debug|Any CPU.ActiveCfg = Debug|Any CPU
		{1D2D4588-D4A4-45FB-954A-4DB23301A419}.Debug|Any CPU.Build.0 = Debug|Any CPU
		{1D2D4588-D4A4-45FB-954A-4DB23301A419}.Release|Any CPU.ActiveCfg = Release|Any CPU
		{1D2D4588-D4A4-45FB-954A-4DB23301A419}.Release|Any CPU.Build.0 = Release|Any CPU
		{C3B388CB-9875-429D-9083-A7F6BE5D213C}.Debug|Any CPU.ActiveCfg = Debug|Any CPU
		{C3B388CB-9875-429D-9083-A7F6BE5D213C}.Debug|Any CPU.Build.0 = Debug|Any CPU
		{C3B388CB-9875-429D-9083-A7F6BE5D213C}.Release|Any CPU.ActiveCfg = Release|Any CPU
		{C3B388CB-9875-429D-9083-A7F6BE5D213C}.Release|Any CPU.Build.0 = Release|Any CPU
		{C2D46F9D-3F5C-4968-9A5A-75C90D86C2B2}.Debug|Any CPU.ActiveCfg = Debug|Any CPU
		{C2D46F9D-3F5C-4968-9A5A-75C90D86C2B2}.Debug|Any CPU.Build.0 = Debug|Any CPU
		{C2D46F9D-3F5C-4968-9A5A-75C90D86C2B2}.Release|Any CPU.ActiveCfg = Release|Any CPU
		{C2D46F9D-3F5C-4968-9A5A-75C90D86C2B2}.Release|Any CPU.Build.0 = Release|Any CPU
		{EFFD3453-C578-43DF-80E7-49880939098B}.Debug|Any CPU.ActiveCfg = Debug|Any CPU
		{EFFD3453-C578-43DF-80E7-49880939098B}.Debug|Any CPU.Build.0 = Debug|Any CPU
		{EFFD3453-C578-43DF-80E7-49880939098B}.Release|Any CPU.ActiveCfg = Release|Any CPU
		{EFFD3453-C578-43DF-80E7-49880939098B}.Release|Any CPU.Build.0 = Release|Any CPU
		{6CEA22B9-4B97-41D5-8B1B-4DECF34B597B}.Debug|Any CPU.ActiveCfg = Debug|Any CPU
		{6CEA22B9-4B97-41D5-8B1B-4DECF34B597B}.Debug|Any CPU.Build.0 = Debug|Any CPU
		{6CEA22B9-4B97-41D5-8B1B-4DECF34B597B}.Release|Any CPU.ActiveCfg = Release|Any CPU
		{6CEA22B9-4B97-41D5-8B1B-4DECF34B597B}.Release|Any CPU.Build.0 = Release|Any CPU
		{9197BB90-53B8-4D5D-8716-9704FA9C744F}.Debug|Any CPU.ActiveCfg = Debug|Any CPU
		{9197BB90-53B8-4D5D-8716-9704FA9C744F}.Debug|Any CPU.Build.0 = Debug|Any CPU
		{9197BB90-53B8-4D5D-8716-9704FA9C744F}.Release|Any CPU.ActiveCfg = Release|Any CPU
		{9197BB90-53B8-4D5D-8716-9704FA9C744F}.Release|Any CPU.Build.0 = Release|Any CPU
	EndGlobalSection
	GlobalSection(SolutionProperties) = preSolution
		HideSolutionNode = FALSE
	EndGlobalSection
	GlobalSection(ExtensibilityGlobals) = postSolution
		SolutionGuid = {A007E849-D5BF-4D00-BFE7-8B640FE86E5A}
	EndGlobalSection
EndGlobal
